
Microsoft Visual Studio Solution File, Format Version 12.00
# Visual Studio Version 17
VisualStudioVersion = 17.11.35327.3
MinimumVisualStudioVersion = 10.0.40219.1
Project("{9A19103F-16F7-4668-BE54-9A1E7A4F7556}") = "showElMassive", "showElMassive\showElMassive.csproj", "{AD307416-32D6-47D1-A6C9-B7C84EEFFF44}"
EndProject
Project("{9A19103F-16F7-4668-BE54-9A1E7A4F7556}") = "ChangeMaxandMin", "ChangeMaxandMin\ChangeMaxandMin.csproj", "{31F078CF-2D84-4CA0-8150-53A0D64437F8}"
EndProject
Project("{9A19103F-16F7-4668-BE54-9A1E7A4F7556}") = "FindPositive", "FindPositive\FindPositive.csproj", "{8C5B42B8-086C-4A13-81B5-2EA421F0B3CE}"
EndProject
Project("{FAE04EC0-301F-11D3-BF4B-00C04F79EFBC}") = "FindPositiveAndNegative", "FindPositiveAndNegative\FindPositiveAndNegative.csproj", "{2525B361-0806-43ED-BFD8-619770ED2878}"
EndProject
Project("{FAE04EC0-301F-11D3-BF4B-00C04F79EFBC}") = "ShowUpperAvg", "ShowUpperAvg\ShowUpperAvg.csproj", "{D584323D-75CA-4979-AE1C-7B9487E17858}"
EndProject
Project("{FAE04EC0-301F-11D3-BF4B-00C04F79EFBC}") = "SameElementMassive", "SameElementMassive\SameElementMassive.csproj", "{226E276B-4BC8-41B3-92C1-30DE7CDD6390}"
EndProject
Global
	GlobalSection(SolutionConfigurationPlatforms) = preSolution
		Debug|Any CPU = Debug|Any CPU
		Release|Any CPU = Release|Any CPU
	EndGlobalSection
	GlobalSection(ProjectConfigurationPlatforms) = postSolution
		{AD307416-32D6-47D1-A6C9-B7C84EEFFF44}.Debug|Any CPU.ActiveCfg = Debug|Any CPU
		{AD307416-32D6-47D1-A6C9-B7C84EEFFF44}.Debug|Any CPU.Build.0 = Debug|Any CPU
		{AD307416-32D6-47D1-A6C9-B7C84EEFFF44}.Release|Any CPU.ActiveCfg = Release|Any CPU
		{AD307416-32D6-47D1-A6C9-B7C84EEFFF44}.Release|Any CPU.Build.0 = Release|Any CPU
		{31F078CF-2D84-4CA0-8150-53A0D64437F8}.Debug|Any CPU.ActiveCfg = Debug|Any CPU
		{31F078CF-2D84-4CA0-8150-53A0D64437F8}.Debug|Any CPU.Build.0 = Debug|Any CPU
		{31F078CF-2D84-4CA0-8150-53A0D64437F8}.Release|Any CPU.ActiveCfg = Release|Any CPU
		{31F078CF-2D84-4CA0-8150-53A0D64437F8}.Release|Any CPU.Build.0 = Release|Any CPU
		{8C5B42B8-086C-4A13-81B5-2EA421F0B3CE}.Debug|Any CPU.ActiveCfg = Debug|Any CPU
		{8C5B42B8-086C-4A13-81B5-2EA421F0B3CE}.Debug|Any CPU.Build.0 = Debug|Any CPU
		{8C5B42B8-086C-4A13-81B5-2EA421F0B3CE}.Release|Any CPU.ActiveCfg = Release|Any CPU
		{8C5B42B8-086C-4A13-81B5-2EA421F0B3CE}.Release|Any CPU.Build.0 = Release|Any CPU
		{2525B361-0806-43ED-BFD8-619770ED2878}.Debug|Any CPU.ActiveCfg = Debug|Any CPU
		{2525B361-0806-43ED-BFD8-619770ED2878}.Debug|Any CPU.Build.0 = Debug|Any CPU
		{2525B361-0806-43ED-BFD8-619770ED2878}.Release|Any CPU.ActiveCfg = Release|Any CPU
		{2525B361-0806-43ED-BFD8-619770ED2878}.Release|Any CPU.Build.0 = Release|Any CPU
		{D584323D-75CA-4979-AE1C-7B9487E17858}.Debug|Any CPU.ActiveCfg = Debug|Any CPU
		{D584323D-75CA-4979-AE1C-7B9487E17858}.Debug|Any CPU.Build.0 = Debug|Any CPU
		{D584323D-75CA-4979-AE1C-7B9487E17858}.Release|Any CPU.ActiveCfg = Release|Any CPU
		{D584323D-75CA-4979-AE1C-7B9487E17858}.Release|Any CPU.Build.0 = Release|Any CPU
		{226E276B-4BC8-41B3-92C1-30DE7CDD6390}.Debug|Any CPU.ActiveCfg = Debug|Any CPU
		{226E276B-4BC8-41B3-92C1-30DE7CDD6390}.Debug|Any CPU.Build.0 = Debug|Any CPU
		{226E276B-4BC8-41B3-92C1-30DE7CDD6390}.Release|Any CPU.ActiveCfg = Release|Any CPU
		{226E276B-4BC8-41B3-92C1-30DE7CDD6390}.Release|Any CPU.Build.0 = Release|Any CPU
	EndGlobalSection
	GlobalSection(SolutionProperties) = preSolution
		HideSolutionNode = FALSE
	EndGlobalSection
	GlobalSection(ExtensibilityGlobals) = postSolution
		SolutionGuid = {8A5DB719-BD9E-46CB-A5FD-E83D6A8AAA0F}
	EndGlobalSection
EndGlobal
